# This file is generated by running "yarn install" inside your project.
# Manual changes might be lost - proceed with caution!

__metadata:
  version: 6
  cacheKey: 8

"colors@npm:^1.4.0":
  version: 1.4.0
  resolution: "colors@npm:1.4.0"
  checksum: 98aa2c2418ad87dedf25d781be69dc5fc5908e279d9d30c34d8b702e586a0474605b3a189511482b9d5ed0d20c867515d22749537f7bc546256c6014f3ebdcec
  languageName: node
  linkType: hard

"stormlight-archive-meets-bash@workspace:.":
  version: 0.0.0-use.local
  resolution: "stormlight-archive-meets-bash@workspace:."
  dependencies:
    colors: ^1.4.0
  languageName: unknown
  linkType: soft
