# This file is generated by running "yarn install" inside your project.
# Manual changes might be lost - proceed with caution!

__metadata:
  version: 8
  cacheKey: 10

"colors@npm:^1.4.0":
  version: 1.4.0
  resolution: "colors@npm:1.4.0"
  checksum: 10/90b2d5465159813a3983ea72ca8cff75f784824ad70f2cc2b32c233e95bcfbcda101ebc6d6766bc50f57263792629bfb4f1f8a4dfbd1d240f229fc7f69b785fc
  languageName: node
  linkType: hard

"stormlight-archive-meets-bash@workspace:.":
  version: 0.0.0-use.local
  resolution: "stormlight-archive-meets-bash@workspace:."
  dependencies:
    colors: "npm:^1.4.0"
  languageName: unknown
  linkType: soft
